
Microsoft Visual Studio Solution File, Format Version 12.00
# Visual Studio Version 16
VisualStudioVersion = 16.0.30804.86
MinimumVisualStudioVersion = 10.0.40219.1
Project("{FAE04EC0-301F-11D3-BF4B-00C04F79EFBC}") = "Materials", "Materials\Materials.csproj", "{7C24897E-15D2-4868-87B7-A5C4129B4B88}"
EndProject
Global
	GlobalSection(SolutionConfigurationPlatforms) = preSolution
		Debug|Any CPU = Debug|Any CPU
		Release|Any CPU = Release|Any CPU
	EndGlobalSection
	GlobalSection(ProjectConfigurationPlatforms) = postSolution
		{7C24897E-15D2-4868-87B7-A5C4129B4B88}.Debug|Any CPU.ActiveCfg = Debug|Any CPU
		{7C24897E-15D2-4868-87B7-A5C4129B4B88}.Debug|Any CPU.Build.0 = Debug|Any CPU
		{7C24897E-15D2-4868-87B7-A5C4129B4B88}.Release|Any CPU.ActiveCfg = Release|Any CPU
		{7C24897E-15D2-4868-87B7-A5C4129B4B88}.Release|Any CPU.Build.0 = Release|Any CPU
	EndGlobalSection
	GlobalSection(SolutionProperties) = preSolution
		HideSolutionNode = FALSE
	EndGlobalSection
	GlobalSection(ExtensibilityGlobals) = postSolution
		SolutionGuid = {B8EE9EF1-2926-4CCC-82EC-2940E2669A1A}
	EndGlobalSection
EndGlobal
